
Microsoft Visual Studio Solution File, Format Version 12.00
# Visual Studio Version 17
VisualStudioVersion = 17.11.35312.102
MinimumVisualStudioVersion = 10.0.40219.1
Project("{FAE04EC0-301F-11D3-BF4B-00C04F79EFBC}") = "TradeStation", "TradeStation.csproj", "{0D16C659-D261-480D-A917-13FC750F6306}"
EndProject
Global
	GlobalSection(SolutionConfigurationPlatforms) = preSolution
		Debug|Any CPU = Debug|Any CPU
		Release|Any CPU = Release|Any CPU
	EndGlobalSection
	GlobalSection(ProjectConfigurationPlatforms) = postSolution
		{0D16C659-D261-480D-A917-13FC750F6306}.Debug|Any CPU.ActiveCfg = Debug|Any CPU
		{0D16C659-D261-480D-A917-13FC750F6306}.Debug|Any CPU.Build.0 = Debug|Any CPU
		{0D16C659-D261-480D-A917-13FC750F6306}.Release|Any CPU.ActiveCfg = Release|Any CPU
		{0D16C659-D261-480D-A917-13FC750F6306}.Release|Any CPU.Build.0 = Release|Any CPU
	EndGlobalSection
	GlobalSection(SolutionProperties) = preSolution
		HideSolutionNode = FALSE
	EndGlobalSection
	GlobalSection(ExtensibilityGlobals) = postSolution
		SolutionGuid = {7E2F3D56-D992-4E22-9561-9A288134FD43}
	EndGlobalSection
EndGlobal
